# THIS IS AN AUTOGENERATED FILE. DO NOT EDIT THIS FILE DIRECTLY.
# yarn lockfile v1


mvdan-sh@^0.10.1:
  version "0.10.1"
  resolved "https://registry.yarnpkg.com/mvdan-sh/-/mvdan-sh-0.10.1.tgz#5b3a4462a89cf20739b12d851589342c875f4d1f"
  integrity sha512-kMbrH0EObaKmK3nVRKUIIya1dpASHIEusM13S4V1ViHFuxuNxCo+arxoa6j/dbV22YBGjl7UKJm9QQKJ2Crzhg==

prettier-plugin-sh@^0.15.0:
  version "0.15.0"
  resolved "https://registry.yarnpkg.com/prettier-plugin-sh/-/prettier-plugin-sh-0.15.0.tgz#f05d2ec0829e6571d59f4950dde2f749050eb47b"
  integrity sha512-U0PikJr/yr2bzzARl43qI0mApBj0C1xdAfA04AZa6LnvIKawXHhuy2fFo6LNA7weRzGlAiNbaEFfKMFo0nZr/A==
  dependencies:
    mvdan-sh "^0.10.1"
    sh-syntax "^0.4.2"

prettier@^3.0.3:
  version "3.7.4"
  resolved "https://registry.yarnpkg.com/prettier/-/prettier-3.7.4.tgz#d2f8335d4b1cec47e1c8098645411b0c9dff9c0f"
  integrity sha512-v6UNi1+3hSlVvv8fSaoUbggEM5VErKmmpGA7Pl3HF8V6uKY7rvClBOJlH6yNwQtfTueNkGVpOv/mtWL9L4bgRA==

sh-syntax@^0.4.2:
  version "0.4.2"
  resolved "https://registry.yarnpkg.com/sh-syntax/-/sh-syntax-0.4.2.tgz#3bad5c6134b510e7b4c53b16f409ce4fd2a65245"
  integrity sha512-/l2UZ5fhGZLVZa16XQM9/Vq/hezGGbdHeVEA01uWjOL1+7Ek/gt6FquW0iKKws4a9AYPYvlz6RyVvjh3JxOteg==
  dependencies:
    tslib "^2.6.2"

tslib@^2.6.2:
  version "2.8.1"
  resolved "https://registry.yarnpkg.com/tslib/-/tslib-2.8.1.tgz#612efe4ed235d567e8aba5f2a5fab70280ade83f"
  integrity sha512-oJFu94HQb+KVduSUQL7wnpmqnfmLsOA/nAh6b6EH0wCEoK0/mPeXU6c3wKDV83MkOuHPRHtSXKKU99IBazS/2w==
